
Microsoft Visual Studio Solution File, Format Version 12.00
# Visual Studio Version 17
VisualStudioVersion = 17.8.34322.80
MinimumVisualStudioVersion = 10.0.40219.1
Project("{FAE04EC0-301F-11D3-BF4B-00C04F79EFBC}") = "Matching", "Matching\Matching.csproj", "{642531C7-31E8-4AB8-95A9-933A5A9C9BAF}"
EndProject
Global
	GlobalSection(SolutionConfigurationPlatforms) = preSolution
		Debug|Any CPU = Debug|Any CPU
		Release|Any CPU = Release|Any CPU
	EndGlobalSection
	GlobalSection(ProjectConfigurationPlatforms) = postSolution
		{642531C7-31E8-4AB8-95A9-933A5A9C9BAF}.Debug|Any CPU.ActiveCfg = Debug|Any CPU
		{642531C7-31E8-4AB8-95A9-933A5A9C9BAF}.Debug|Any CPU.Build.0 = Debug|Any CPU
		{642531C7-31E8-4AB8-95A9-933A5A9C9BAF}.Release|Any CPU.ActiveCfg = Release|Any CPU
		{642531C7-31E8-4AB8-95A9-933A5A9C9BAF}.Release|Any CPU.Build.0 = Release|Any CPU
	EndGlobalSection
	GlobalSection(SolutionProperties) = preSolution
		HideSolutionNode = FALSE
	EndGlobalSection
	GlobalSection(ExtensibilityGlobals) = postSolution
		SolutionGuid = {E81B47F3-3171-40A1-9B2C-BAE760997EF7}
	EndGlobalSection
EndGlobal
